
Microsoft Visual Studio Solution File, Format Version 12.00
# Visual Studio Version 16
VisualStudioVersion = 16.0.29102.190
MinimumVisualStudioVersion = 10.0.40219.1
Project("{F14B399A-7131-4C87-9E4B-1186C45EF12D}") = "HR", "HR\HR.rptproj", "{C9891514-E717-4726-8FC2-DBE9F47F31C8}"
EndProject
Global
	GlobalSection(SolutionConfigurationPlatforms) = preSolution
		Debug|Default = Debug|Default
		DebugLocal|Default = DebugLocal|Default
		Release|Default = Release|Default
	EndGlobalSection
	GlobalSection(ProjectConfigurationPlatforms) = postSolution
		{C9891514-E717-4726-8FC2-DBE9F47F31C8}.Debug|Default.ActiveCfg = Debug
		{C9891514-E717-4726-8FC2-DBE9F47F31C8}.Debug|Default.Build.0 = Debug
		{C9891514-E717-4726-8FC2-DBE9F47F31C8}.Debug|Default.Deploy.0 = Debug
		{C9891514-E717-4726-8FC2-DBE9F47F31C8}.DebugLocal|Default.ActiveCfg = DebugLocal
		{C9891514-E717-4726-8FC2-DBE9F47F31C8}.DebugLocal|Default.Build.0 = DebugLocal
		{C9891514-E717-4726-8FC2-DBE9F47F31C8}.Release|Default.ActiveCfg = Release
		{C9891514-E717-4726-8FC2-DBE9F47F31C8}.Release|Default.Build.0 = Release
		{C9891514-E717-4726-8FC2-DBE9F47F31C8}.Release|Default.Deploy.0 = Release
	EndGlobalSection
	GlobalSection(SolutionProperties) = preSolution
		HideSolutionNode = FALSE
	EndGlobalSection
	GlobalSection(ExtensibilityGlobals) = postSolution
		SolutionGuid = {3409F05F-D2E3-41D7-A672-444CB9D5C653}
	EndGlobalSection
EndGlobal
