
Microsoft Visual Studio Solution File, Format Version 12.00
# Visual Studio Version 16
VisualStudioVersion = 16.0.29102.190
MinimumVisualStudioVersion = 10.0.40219.1
Project("{F14B399A-7131-4C87-9E4B-1186C45EF12D}") = "Finance", "Finance\Finance.rptproj", "{BBED9AC4-D41A-47EB-BFF4-926B01E36E0C}"
EndProject
Global
	GlobalSection(SolutionConfigurationPlatforms) = preSolution
		Debug|Default = Debug|Default
		DebugLocal|Default = DebugLocal|Default
		Release|Default = Release|Default
	EndGlobalSection
	GlobalSection(ProjectConfigurationPlatforms) = postSolution
		{BBED9AC4-D41A-47EB-BFF4-926B01E36E0C}.Debug|Default.ActiveCfg = Debug
		{BBED9AC4-D41A-47EB-BFF4-926B01E36E0C}.Debug|Default.Build.0 = Debug
		{BBED9AC4-D41A-47EB-BFF4-926B01E36E0C}.Debug|Default.Deploy.0 = Debug
		{BBED9AC4-D41A-47EB-BFF4-926B01E36E0C}.DebugLocal|Default.ActiveCfg = DebugLocal
		{BBED9AC4-D41A-47EB-BFF4-926B01E36E0C}.DebugLocal|Default.Build.0 = DebugLocal
		{BBED9AC4-D41A-47EB-BFF4-926B01E36E0C}.Release|Default.ActiveCfg = Release
		{BBED9AC4-D41A-47EB-BFF4-926B01E36E0C}.Release|Default.Build.0 = Release
		{BBED9AC4-D41A-47EB-BFF4-926B01E36E0C}.Release|Default.Deploy.0 = Release
	EndGlobalSection
	GlobalSection(SolutionProperties) = preSolution
		HideSolutionNode = FALSE
	EndGlobalSection
	GlobalSection(ExtensibilityGlobals) = postSolution
		SolutionGuid = {3AFE644F-70C5-468B-B700-EB822E464D37}
	EndGlobalSection
EndGlobal
