
Microsoft Visual Studio Solution File, Format Version 12.00
# Visual Studio Version 16
VisualStudioVersion = 16.0.29102.190
MinimumVisualStudioVersion = 10.0.40219.1
Project("{F14B399A-7131-4C87-9E4B-1186C45EF12D}") = "Application CFP", "Application CFP\Application CFP.rptproj", "{60F58C9E-3E35-463D-917C-B49BFFCAF00B}"
EndProject
Global
	GlobalSection(SolutionConfigurationPlatforms) = preSolution
		Debug|Default = Debug|Default
		DebugLocal|Default = DebugLocal|Default
		Dev|Default = Dev|Default
		Release|Default = Release|Default
	EndGlobalSection
	GlobalSection(ProjectConfigurationPlatforms) = postSolution
		{60F58C9E-3E35-463D-917C-B49BFFCAF00B}.Debug|Default.ActiveCfg = Debug
		{60F58C9E-3E35-463D-917C-B49BFFCAF00B}.Debug|Default.Build.0 = Debug
		{60F58C9E-3E35-463D-917C-B49BFFCAF00B}.Debug|Default.Deploy.0 = Debug
		{60F58C9E-3E35-463D-917C-B49BFFCAF00B}.DebugLocal|Default.ActiveCfg = DebugLocal
		{60F58C9E-3E35-463D-917C-B49BFFCAF00B}.DebugLocal|Default.Build.0 = DebugLocal
		{60F58C9E-3E35-463D-917C-B49BFFCAF00B}.Dev|Default.ActiveCfg = Dev
		{60F58C9E-3E35-463D-917C-B49BFFCAF00B}.Dev|Default.Build.0 = Dev
		{60F58C9E-3E35-463D-917C-B49BFFCAF00B}.Dev|Default.Deploy.0 = Dev
		{60F58C9E-3E35-463D-917C-B49BFFCAF00B}.Release|Default.ActiveCfg = Release
		{60F58C9E-3E35-463D-917C-B49BFFCAF00B}.Release|Default.Build.0 = Release
		{60F58C9E-3E35-463D-917C-B49BFFCAF00B}.Release|Default.Deploy.0 = Release
	EndGlobalSection
	GlobalSection(SolutionProperties) = preSolution
		HideSolutionNode = FALSE
	EndGlobalSection
	GlobalSection(ExtensibilityGlobals) = postSolution
		SolutionGuid = {B3AF5537-D557-4482-8CFE-57013CA0A604}
	EndGlobalSection
EndGlobal
